// !$*UTF8*$!
{
	archiveVersion = 1;
	classes = {
	};
	objectVersion = 56;
	objects = {

/* Begin PBXBuildFile section */
		6E542CB12C1B2AE400F1FB30 /* WritingView.swift in Sources */ = {isa = PBXBuildFile; fileRef = 6E542CB02C1B2AE400F1FB30 /* WritingView.swift */; };
		6EEAFAEF2C2962DB007E5DA6 /* FirebaseFirestore in Frameworks */ = {isa = PBXBuildFile; productRef = 6EEAFAEE2C2962DB007E5DA6 /* FirebaseFirestore */; };
		6EEAFAF12C29636D007E5DA6 /* FirebaseStorage in Frameworks */ = {isa = PBXBuildFile; productRef = 6EEAFAF02C29636D007E5DA6 /* FirebaseStorage */; };
		6EEAFAF32C296411007E5DA6 /* FirebaseFirestoreSwift in Frameworks */ = {isa = PBXBuildFile; productRef = 6EEAFAF22C296411007E5DA6 /* FirebaseFirestoreSwift */; };
		6EEAFAF52C296855007E5DA6 /* FirebaseAnalytics in Frameworks */ = {isa = PBXBuildFile; productRef = 6EEAFAF42C296855007E5DA6 /* FirebaseAnalytics */; };
		BD4B0E8D2C294D41009D07BA /* GoogleService-Info.plist in Resources */ = {isa = PBXBuildFile; fileRef = BD4B0E8C2C294D41009D07BA /* GoogleService-Info.plist */; };
		BD4B0E982C294E68009D07BA /* FirebaseAppCheck in Frameworks */ = {isa = PBXBuildFile; productRef = BD4B0E972C294E68009D07BA /* FirebaseAppCheck */; };
		BD4B0E9A2C2951AC009D07BA /* FireStoreManager.swift in Sources */ = {isa = PBXBuildFile; fileRef = BD4B0E992C2951AC009D07BA /* FireStoreManager.swift */; };
		BD562F3E2C1B0A3A0078738B /* AnnongApp.swift in Sources */ = {isa = PBXBuildFile; fileRef = BD562F3D2C1B0A3A0078738B /* AnnongApp.swift */; };
		BD562F422C1B0A3B0078738B /* Assets.xcassets in Resources */ = {isa = PBXBuildFile; fileRef = BD562F412C1B0A3B0078738B /* Assets.xcassets */; };
		BD562F452C1B0A3B0078738B /* Preview Assets.xcassets in Resources */ = {isa = PBXBuildFile; fileRef = BD562F442C1B0A3B0078738B /* Preview Assets.xcassets */; };
		BD562F4C2C1B0A4F0078738B /* .gitignore in Resources */ = {isa = PBXBuildFile; fileRef = BD562F4B2C1B0A4F0078738B /* .gitignore */; };
		BD562F4E2C1B0CCD0078738B /* User.swift in Sources */ = {isa = PBXBuildFile; fileRef = BD562F4D2C1B0CCD0078738B /* User.swift */; };
		BD562F512C1B14410078738B /* Post.swift in Sources */ = {isa = PBXBuildFile; fileRef = BD562F502C1B14410078738B /* Post.swift */; };
		BD562F532C1BC7B50078738B /* MessageView.swift in Sources */ = {isa = PBXBuildFile; fileRef = BD562F522C1BC7B50078738B /* MessageView.swift */; };
		BD562F552C1BC82C0078738B /* NicknameCheckView.swift in Sources */ = {isa = PBXBuildFile; fileRef = BD562F542C1BC82C0078738B /* NicknameCheckView.swift */; };
		BD562F572C1BC83D0078738B /* MessageBoxView.swift in Sources */ = {isa = PBXBuildFile; fileRef = BD562F562C1BC83D0078738B /* MessageBoxView.swift */; };
		BD562F592C1BC84B0078738B /* OnboardingView.swift in Sources */ = {isa = PBXBuildFile; fileRef = BD562F582C1BC84B0078738B /* OnboardingView.swift */; };
/* End PBXBuildFile section */

/* Begin PBXFileReference section */
		6E542CB02C1B2AE400F1FB30 /* WritingView.swift */ = {isa = PBXFileReference; lastKnownFileType = sourcecode.swift; path = WritingView.swift; sourceTree = "<group>"; };
		6E779AC62C2123560025B942 /* Annong.entitlements */ = {isa = PBXFileReference; lastKnownFileType = text.plist.entitlements; path = Annong.entitlements; sourceTree = "<group>"; };
		BD4B0E8C2C294D41009D07BA /* GoogleService-Info.plist */ = {isa = PBXFileReference; fileEncoding = 4; lastKnownFileType = text.plist.xml; path = "GoogleService-Info.plist"; sourceTree = "<group>"; };
		BD4B0E992C2951AC009D07BA /* FireStoreManager.swift */ = {isa = PBXFileReference; lastKnownFileType = sourcecode.swift; path = FireStoreManager.swift; sourceTree = "<group>"; };
		BD562F3A2C1B0A3A0078738B /* Annong.app */ = {isa = PBXFileReference; explicitFileType = wrapper.application; includeInIndex = 0; path = Annong.app; sourceTree = BUILT_PRODUCTS_DIR; };
		BD562F3D2C1B0A3A0078738B /* AnnongApp.swift */ = {isa = PBXFileReference; lastKnownFileType = sourcecode.swift; path = AnnongApp.swift; sourceTree = "<group>"; };
		BD562F412C1B0A3B0078738B /* Assets.xcassets */ = {isa = PBXFileReference; lastKnownFileType = folder.assetcatalog; path = Assets.xcassets; sourceTree = "<group>"; };
		BD562F442C1B0A3B0078738B /* Preview Assets.xcassets */ = {isa = PBXFileReference; lastKnownFileType = folder.assetcatalog; path = "Preview Assets.xcassets"; sourceTree = "<group>"; };
		BD562F4B2C1B0A4F0078738B /* .gitignore */ = {isa = PBXFileReference; lastKnownFileType = text; path = .gitignore; sourceTree = "<group>"; };
		BD562F4D2C1B0CCD0078738B /* User.swift */ = {isa = PBXFileReference; lastKnownFileType = sourcecode.swift; path = User.swift; sourceTree = "<group>"; };
		BD562F502C1B14410078738B /* Post.swift */ = {isa = PBXFileReference; lastKnownFileType = sourcecode.swift; path = Post.swift; sourceTree = "<group>"; };
		BD562F522C1BC7B50078738B /* MessageView.swift */ = {isa = PBXFileReference; lastKnownFileType = sourcecode.swift; path = MessageView.swift; sourceTree = "<group>"; };
		BD562F542C1BC82C0078738B /* NicknameCheckView.swift */ = {isa = PBXFileReference; lastKnownFileType = sourcecode.swift; path = NicknameCheckView.swift; sourceTree = "<group>"; };
		BD562F562C1BC83D0078738B /* MessageBoxView.swift */ = {isa = PBXFileReference; lastKnownFileType = sourcecode.swift; path = MessageBoxView.swift; sourceTree = "<group>"; };
		BD562F582C1BC84B0078738B /* OnboardingView.swift */ = {isa = PBXFileReference; lastKnownFileType = sourcecode.swift; path = OnboardingView.swift; sourceTree = "<group>"; };
/* End PBXFileReference section */

/* Begin PBXFrameworksBuildPhase section */
		BD562F372C1B0A3A0078738B /* Frameworks */ = {
			isa = PBXFrameworksBuildPhase;
			buildActionMask = 2147483647;
			files = (
				BD4B0E982C294E68009D07BA /* FirebaseAppCheck in Frameworks */,
				6EEAFAF12C29636D007E5DA6 /* FirebaseStorage in Frameworks */,
				6EEAFAEF2C2962DB007E5DA6 /* FirebaseFirestore in Frameworks */,
				6EEAFAF52C296855007E5DA6 /* FirebaseAnalytics in Frameworks */,
				6EEAFAF32C296411007E5DA6 /* FirebaseFirestoreSwift in Frameworks */,
			);
			runOnlyForDeploymentPostprocessing = 0;
		};
/* End PBXFrameworksBuildPhase section */

/* Begin PBXGroup section */
		6EEAFAED2C2962DB007E5DA6 /* Frameworks */ = {
			isa = PBXGroup;
			children = (
			);
			name = Frameworks;
			sourceTree = "<group>";
		};
		BD562F312C1B0A3A0078738B = {
			isa = PBXGroup;
			children = (
				BD562F4B2C1B0A4F0078738B /* .gitignore */,
				BD562F3C2C1B0A3A0078738B /* Annong */,
				BD562F3B2C1B0A3A0078738B /* Products */,
				6EEAFAED2C2962DB007E5DA6 /* Frameworks */,
			);
			sourceTree = "<group>";
		};
		BD562F3B2C1B0A3A0078738B /* Products */ = {
			isa = PBXGroup;
			children = (
				BD562F3A2C1B0A3A0078738B /* Annong.app */,
			);
			name = Products;
			sourceTree = "<group>";
		};
		BD562F3C2C1B0A3A0078738B /* Annong */ = {
			isa = PBXGroup;
			children = (
				BD4B0E8C2C294D41009D07BA /* GoogleService-Info.plist */,
				6E779AC62C2123560025B942 /* Annong.entitlements */,
				BD562F4F2C1B0CD20078738B /* Model */,
				BD562F3D2C1B0A3A0078738B /* AnnongApp.swift */,
				BD562F562C1BC83D0078738B /* MessageBoxView.swift */,
				BD562F582C1BC84B0078738B /* OnboardingView.swift */,
				BD562F542C1BC82C0078738B /* NicknameCheckView.swift */,
				BD562F522C1BC7B50078738B /* MessageView.swift */,
				6E542CB02C1B2AE400F1FB30 /* WritingView.swift */,
				BD562F412C1B0A3B0078738B /* Assets.xcassets */,
				BD562F432C1B0A3B0078738B /* Preview Content */,
				BD4B0E992C2951AC009D07BA /* FireStoreManager.swift */,
			);
			path = Annong;
			sourceTree = "<group>";
		};
		BD562F432C1B0A3B0078738B /* Preview Content */ = {
			isa = PBXGroup;
			children = (
				BD562F442C1B0A3B0078738B /* Preview Assets.xcassets */,
			);
			path = "Preview Content";
			sourceTree = "<group>";
		};
		BD562F4F2C1B0CD20078738B /* Model */ = {
			isa = PBXGroup;
			children = (
				BD562F4D2C1B0CCD0078738B /* User.swift */,
				BD562F502C1B14410078738B /* Post.swift */,
			);
			path = Model;
			sourceTree = "<group>";
		};
/* End PBXGroup section */

/* Begin PBXNativeTarget section */
		BD562F392C1B0A3A0078738B /* Annong */ = {
			isa = PBXNativeTarget;
			buildConfigurationList = BD562F482C1B0A3B0078738B /* Build configuration list for PBXNativeTarget "Annong" */;
			buildPhases = (
				BD562F362C1B0A3A0078738B /* Sources */,
				BD562F372C1B0A3A0078738B /* Frameworks */,
				BD562F382C1B0A3A0078738B /* Resources */,
			);
			buildRules = (
			);
			dependencies = (
			);
			name = Annong;
			packageProductDependencies = (
				BD4B0E972C294E68009D07BA /* FirebaseAppCheck */,
				6EEAFAEE2C2962DB007E5DA6 /* FirebaseFirestore */,
				6EEAFAF02C29636D007E5DA6 /* FirebaseStorage */,
				6EEAFAF22C296411007E5DA6 /* FirebaseFirestoreSwift */,
				6EEAFAF42C296855007E5DA6 /* FirebaseAnalytics */,
			);
			productName = Annong;
			productReference = BD562F3A2C1B0A3A0078738B /* Annong.app */;
			productType = "com.apple.product-type.application";
		};
/* End PBXNativeTarget section */

/* Begin PBXProject section */
		BD562F322C1B0A3A0078738B /* Project object */ = {
			isa = PBXProject;
			attributes = {
				BuildIndependentTargetsInParallel = 1;
				LastSwiftUpdateCheck = 1520;
				LastUpgradeCheck = 1520;
				TargetAttributes = {
					BD562F392C1B0A3A0078738B = {
						CreatedOnToolsVersion = 15.2;
					};
				};
			};
			buildConfigurationList = BD562F352C1B0A3A0078738B /* Build configuration list for PBXProject "Annong" */;
			compatibilityVersion = "Xcode 14.0";
			developmentRegion = en;
			hasScannedForEncodings = 0;
			knownRegions = (
				en,
				Base,
			);
			mainGroup = BD562F312C1B0A3A0078738B;
			packageReferences = (
				BD4B0E8E2C294E68009D07BA /* XCRemoteSwiftPackageReference "firebase-ios-sdk" */,
			);
			productRefGroup = BD562F3B2C1B0A3A0078738B /* Products */;
			projectDirPath = "";
			projectRoot = "";
			targets = (
				BD562F392C1B0A3A0078738B /* Annong */,
			);
		};
/* End PBXProject section */

/* Begin PBXResourcesBuildPhase section */
		BD562F382C1B0A3A0078738B /* Resources */ = {
			isa = PBXResourcesBuildPhase;
			buildActionMask = 2147483647;
			files = (
				BD562F452C1B0A3B0078738B /* Preview Assets.xcassets in Resources */,
				BD4B0E8D2C294D41009D07BA /* GoogleService-Info.plist in Resources */,
				BD562F4C2C1B0A4F0078738B /* .gitignore in Resources */,
				BD562F422C1B0A3B0078738B /* Assets.xcassets in Resources */,
			);
			runOnlyForDeploymentPostprocessing = 0;
		};
/* End PBXResourcesBuildPhase section */

/* Begin PBXSourcesBuildPhase section */
		BD562F362C1B0A3A0078738B /* Sources */ = {
			isa = PBXSourcesBuildPhase;
			buildActionMask = 2147483647;
			files = (
				BD562F572C1BC83D0078738B /* MessageBoxView.swift in Sources */,
				BD562F532C1BC7B50078738B /* MessageView.swift in Sources */,
				BD562F552C1BC82C0078738B /* NicknameCheckView.swift in Sources */,
				BD4B0E9A2C2951AC009D07BA /* FireStoreManager.swift in Sources */,
				BD562F592C1BC84B0078738B /* OnboardingView.swift in Sources */,
				BD562F3E2C1B0A3A0078738B /* AnnongApp.swift in Sources */,
				BD562F4E2C1B0CCD0078738B /* User.swift in Sources */,
				6E542CB12C1B2AE400F1FB30 /* WritingView.swift in Sources */,
				BD562F512C1B14410078738B /* Post.swift in Sources */,
			);
			runOnlyForDeploymentPostprocessing = 0;
		};
/* End PBXSourcesBuildPhase section */

/* Begin XCBuildConfiguration section */
		BD562F462C1B0A3B0078738B /* Debug */ = {
			isa = XCBuildConfiguration;
			buildSettings = {
				ALWAYS_SEARCH_USER_PATHS = NO;
				ASSETCATALOG_COMPILER_GENERATE_SWIFT_ASSET_SYMBOL_EXTENSIONS = YES;
				CLANG_ANALYZER_NONNULL = YES;
				CLANG_ANALYZER_NUMBER_OBJECT_CONVERSION = YES_AGGRESSIVE;
				CLANG_CXX_LANGUAGE_STANDARD = "gnu++20";
				CLANG_ENABLE_MODULES = YES;
				CLANG_ENABLE_OBJC_ARC = YES;
				CLANG_ENABLE_OBJC_WEAK = YES;
				CLANG_WARN_BLOCK_CAPTURE_AUTORELEASING = YES;
				CLANG_WARN_BOOL_CONVERSION = YES;
				CLANG_WARN_COMMA = YES;
				CLANG_WARN_CONSTANT_CONVERSION = YES;
				CLANG_WARN_DEPRECATED_OBJC_IMPLEMENTATIONS = YES;
				CLANG_WARN_DIRECT_OBJC_ISA_USAGE = YES_ERROR;
				CLANG_WARN_DOCUMENTATION_COMMENTS = YES;
				CLANG_WARN_EMPTY_BODY = YES;
				CLANG_WARN_ENUM_CONVERSION = YES;
				CLANG_WARN_INFINITE_RECURSION = YES;
				CLANG_WARN_INT_CONVERSION = YES;
				CLANG_WARN_NON_LITERAL_NULL_CONVERSION = YES;
				CLANG_WARN_OBJC_IMPLICIT_RETAIN_SELF = YES;
				CLANG_WARN_OBJC_LITERAL_CONVERSION = YES;
				CLANG_WARN_OBJC_ROOT_CLASS = YES_ERROR;
				CLANG_WARN_QUOTED_INCLUDE_IN_FRAMEWORK_HEADER = YES;
				CLANG_WARN_RANGE_LOOP_ANALYSIS = YES;
				CLANG_WARN_STRICT_PROTOTYPES = YES;
				CLANG_WARN_SUSPICIOUS_MOVE = YES;
				CLANG_WARN_UNGUARDED_AVAILABILITY = YES_AGGRESSIVE;
				CLANG_WARN_UNREACHABLE_CODE = YES;
				CLANG_WARN__DUPLICATE_METHOD_MATCH = YES;
				COPY_PHASE_STRIP = NO;
				DEBUG_INFORMATION_FORMAT = dwarf;
				ENABLE_STRICT_OBJC_MSGSEND = YES;
				ENABLE_TESTABILITY = YES;
				ENABLE_USER_SCRIPT_SANDBOXING = YES;
				GCC_C_LANGUAGE_STANDARD = gnu17;
				GCC_DYNAMIC_NO_PIC = NO;
				GCC_NO_COMMON_BLOCKS = YES;
				GCC_OPTIMIZATION_LEVEL = 0;
				GCC_PREPROCESSOR_DEFINITIONS = (
					"DEBUG=1",
					"$(inherited)",
				);
				GCC_WARN_64_TO_32_BIT_CONVERSION = YES;
				GCC_WARN_ABOUT_RETURN_TYPE = YES_ERROR;
				GCC_WARN_UNDECLARED_SELECTOR = YES;
				GCC_WARN_UNINITIALIZED_AUTOS = YES_AGGRESSIVE;
				GCC_WARN_UNUSED_FUNCTION = YES;
				GCC_WARN_UNUSED_VARIABLE = YES;
				IPHONEOS_DEPLOYMENT_TARGET = 17.2;
				LOCALIZATION_PREFERS_STRING_CATALOGS = YES;
				MTL_ENABLE_DEBUG_INFO = INCLUDE_SOURCE;
				MTL_FAST_MATH = YES;
				ONLY_ACTIVE_ARCH = YES;
				SDKROOT = iphoneos;
				SWIFT_ACTIVE_COMPILATION_CONDITIONS = "DEBUG $(inherited)";
				SWIFT_OPTIMIZATION_LEVEL = "-Onone";
			};
			name = Debug;
		};
		BD562F472C1B0A3B0078738B /* Release */ = {
			isa = XCBuildConfiguration;
			buildSettings = {
				ALWAYS_SEARCH_USER_PATHS = NO;
				ASSETCATALOG_COMPILER_GENERATE_SWIFT_ASSET_SYMBOL_EXTENSIONS = YES;
				CLANG_ANALYZER_NONNULL = YES;
				CLANG_ANALYZER_NUMBER_OBJECT_CONVERSION = YES_AGGRESSIVE;
				CLANG_CXX_LANGUAGE_STANDARD = "gnu++20";
				CLANG_ENABLE_MODULES = YES;
				CLANG_ENABLE_OBJC_ARC = YES;
				CLANG_ENABLE_OBJC_WEAK = YES;
				CLANG_WARN_BLOCK_CAPTURE_AUTORELEASING = YES;
				CLANG_WARN_BOOL_CONVERSION = YES;
				CLANG_WARN_COMMA = YES;
				CLANG_WARN_CONSTANT_CONVERSION = YES;
				CLANG_WARN_DEPRECATED_OBJC_IMPLEMENTATIONS = YES;
				CLANG_WARN_DIRECT_OBJC_ISA_USAGE = YES_ERROR;
				CLANG_WARN_DOCUMENTATION_COMMENTS = YES;
				CLANG_WARN_EMPTY_BODY = YES;
				CLANG_WARN_ENUM_CONVERSION = YES;
				CLANG_WARN_INFINITE_RECURSION = YES;
				CLANG_WARN_INT_CONVERSION = YES;
				CLANG_WARN_NON_LITERAL_NULL_CONVERSION = YES;
				CLANG_WARN_OBJC_IMPLICIT_RETAIN_SELF = YES;
				CLANG_WARN_OBJC_LITERAL_CONVERSION = YES;
				CLANG_WARN_OBJC_ROOT_CLASS = YES_ERROR;
				CLANG_WARN_QUOTED_INCLUDE_IN_FRAMEWORK_HEADER = YES;
				CLANG_WARN_RANGE_LOOP_ANALYSIS = YES;
				CLANG_WARN_STRICT_PROTOTYPES = YES;
				CLANG_WARN_SUSPICIOUS_MOVE = YES;
				CLANG_WARN_UNGUARDED_AVAILABILITY = YES_AGGRESSIVE;
				CLANG_WARN_UNREACHABLE_CODE = YES;
				CLANG_WARN__DUPLICATE_METHOD_MATCH = YES;
				COPY_PHASE_STRIP = NO;
				DEBUG_INFORMATION_FORMAT = "dwarf-with-dsym";
				ENABLE_NS_ASSERTIONS = NO;
				ENABLE_STRICT_OBJC_MSGSEND = YES;
				ENABLE_USER_SCRIPT_SANDBOXING = YES;
				GCC_C_LANGUAGE_STANDARD = gnu17;
				GCC_NO_COMMON_BLOCKS = YES;
				GCC_WARN_64_TO_32_BIT_CONVERSION = YES;
				GCC_WARN_ABOUT_RETURN_TYPE = YES_ERROR;
				GCC_WARN_UNDECLARED_SELECTOR = YES;
				GCC_WARN_UNINITIALIZED_AUTOS = YES_AGGRESSIVE;
				GCC_WARN_UNUSED_FUNCTION = YES;
				GCC_WARN_UNUSED_VARIABLE = YES;
				IPHONEOS_DEPLOYMENT_TARGET = 17.2;
				LOCALIZATION_PREFERS_STRING_CATALOGS = YES;
				MTL_ENABLE_DEBUG_INFO = NO;
				MTL_FAST_MATH = YES;
				SDKROOT = iphoneos;
				SWIFT_COMPILATION_MODE = wholemodule;
				VALIDATE_PRODUCT = YES;
			};
			name = Release;
		};
		BD562F492C1B0A3B0078738B /* Debug */ = {
			isa = XCBuildConfiguration;
			buildSettings = {
				ASSETCATALOG_COMPILER_APPICON_NAME = AppIcon;
				ASSETCATALOG_COMPILER_GLOBAL_ACCENT_COLOR_NAME = AccentColor;
				CODE_SIGN_ENTITLEMENTS = Annong/Annong.entitlements;
				CODE_SIGN_STYLE = Automatic;
				CURRENT_PROJECT_VERSION = 1;
				DEVELOPMENT_ASSET_PATHS = "\"Annong/Preview Content\"";
				DEVELOPMENT_TEAM = 4QG3GC35LA;
				ENABLE_PREVIEWS = YES;
				GENERATE_INFOPLIST_FILE = YES;
				INFOPLIST_KEY_UIApplicationSceneManifest_Generation = YES;
				INFOPLIST_KEY_UIApplicationSupportsIndirectInputEvents = YES;
				INFOPLIST_KEY_UILaunchScreen_Generation = YES;
				INFOPLIST_KEY_UISupportedInterfaceOrientations_iPad = "UIInterfaceOrientationPortrait UIInterfaceOrientationPortraitUpsideDown UIInterfaceOrientationLandscapeLeft UIInterfaceOrientationLandscapeRight";
				INFOPLIST_KEY_UISupportedInterfaceOrientations_iPhone = "UIInterfaceOrientationPortrait UIInterfaceOrientationLandscapeLeft UIInterfaceOrientationLandscapeRight";
				LD_RUNPATH_SEARCH_PATHS = (
					"$(inherited)",
					"@executable_path/Frameworks",
				);
				MARKETING_VERSION = 1.0;
				PRODUCT_BUNDLE_IDENTIFIER = com.JenDia.RealAnnong;
				PRODUCT_NAME = "$(TARGET_NAME)";
				SWIFT_EMIT_LOC_STRINGS = YES;
				SWIFT_VERSION = 5.0;
				TARGETED_DEVICE_FAMILY = "1,2";
			};
			name = Debug;
		};
		BD562F4A2C1B0A3B0078738B /* Release */ = {
			isa = XCBuildConfiguration;
			buildSettings = {
				ASSETCATALOG_COMPILER_APPICON_NAME = AppIcon;
				ASSETCATALOG_COMPILER_GLOBAL_ACCENT_COLOR_NAME = AccentColor;
				CODE_SIGN_ENTITLEMENTS = Annong/Annong.entitlements;
				CODE_SIGN_STYLE = Automatic;
				CURRENT_PROJECT_VERSION = 1;
				DEVELOPMENT_ASSET_PATHS = "\"Annong/Preview Content\"";
				DEVELOPMENT_TEAM = 4QG3GC35LA;
				ENABLE_PREVIEWS = YES;
				GENERATE_INFOPLIST_FILE = YES;
				INFOPLIST_KEY_UIApplicationSceneManifest_Generation = YES;
				INFOPLIST_KEY_UIApplicationSupportsIndirectInputEvents = YES;
				INFOPLIST_KEY_UILaunchScreen_Generation = YES;
				INFOPLIST_KEY_UISupportedInterfaceOrientations_iPad = "UIInterfaceOrientationPortrait UIInterfaceOrientationPortraitUpsideDown UIInterfaceOrientationLandscapeLeft UIInterfaceOrientationLandscapeRight";
				INFOPLIST_KEY_UISupportedInterfaceOrientations_iPhone = "UIInterfaceOrientationPortrait UIInterfaceOrientationLandscapeLeft UIInterfaceOrientationLandscapeRight";
				LD_RUNPATH_SEARCH_PATHS = (
					"$(inherited)",
					"@executable_path/Frameworks",
				);
				MARKETING_VERSION = 1.0;
				PRODUCT_BUNDLE_IDENTIFIER = com.JenDia.RealAnnong;
				PRODUCT_NAME = "$(TARGET_NAME)";
				SWIFT_EMIT_LOC_STRINGS = YES;
				SWIFT_VERSION = 5.0;
				TARGETED_DEVICE_FAMILY = "1,2";
			};
			name = Release;
		};
/* End XCBuildConfiguration section */

/* Begin XCConfigurationList section */
		BD562F352C1B0A3A0078738B /* Build configuration list for PBXProject "Annong" */ = {
			isa = XCConfigurationList;
			buildConfigurations = (
				BD562F462C1B0A3B0078738B /* Debug */,
				BD562F472C1B0A3B0078738B /* Release */,
			);
			defaultConfigurationIsVisible = 0;
			defaultConfigurationName = Release;
		};
		BD562F482C1B0A3B0078738B /* Build configuration list for PBXNativeTarget "Annong" */ = {
			isa = XCConfigurationList;
			buildConfigurations = (
				BD562F492C1B0A3B0078738B /* Debug */,
				BD562F4A2C1B0A3B0078738B /* Release */,
			);
			defaultConfigurationIsVisible = 0;
			defaultConfigurationName = Release;
		};
/* End XCConfigurationList section */

/* Begin XCRemoteSwiftPackageReference section */
		BD4B0E8E2C294E68009D07BA /* XCRemoteSwiftPackageReference "firebase-ios-sdk" */ = {
			isa = XCRemoteSwiftPackageReference;
			repositoryURL = "https://github.com/firebase/firebase-ios-sdk";
			requirement = {
				kind = upToNextMajorVersion;
				minimumVersion = 10.28.0;
			};
		};
/* End XCRemoteSwiftPackageReference section */

/* Begin XCSwiftPackageProductDependency section */
		6EEAFAEE2C2962DB007E5DA6 /* FirebaseFirestore */ = {
			isa = XCSwiftPackageProductDependency;
			package = BD4B0E8E2C294E68009D07BA /* XCRemoteSwiftPackageReference "firebase-ios-sdk" */;
			productName = FirebaseFirestore;
		};
		6EEAFAF02C29636D007E5DA6 /* FirebaseStorage */ = {
			isa = XCSwiftPackageProductDependency;
			package = BD4B0E8E2C294E68009D07BA /* XCRemoteSwiftPackageReference "firebase-ios-sdk" */;
			productName = FirebaseStorage;
		};
		6EEAFAF22C296411007E5DA6 /* FirebaseFirestoreSwift */ = {
			isa = XCSwiftPackageProductDependency;
			package = BD4B0E8E2C294E68009D07BA /* XCRemoteSwiftPackageReference "firebase-ios-sdk" */;
			productName = FirebaseFirestoreSwift;
		};
		6EEAFAF42C296855007E5DA6 /* FirebaseAnalytics */ = {
			isa = XCSwiftPackageProductDependency;
			package = BD4B0E8E2C294E68009D07BA /* XCRemoteSwiftPackageReference "firebase-ios-sdk" */;
			productName = FirebaseAnalytics;
		};
		BD4B0E972C294E68009D07BA /* FirebaseAppCheck */ = {
			isa = XCSwiftPackageProductDependency;
			package = BD4B0E8E2C294E68009D07BA /* XCRemoteSwiftPackageReference "firebase-ios-sdk" */;
			productName = FirebaseAppCheck;
		};
/* End XCSwiftPackageProductDependency section */
	};
	rootObject = BD562F322C1B0A3A0078738B /* Project object */;
}
